{
  "name": "PythonTest082019",
  "lockfileVersion": 2,
  "requires": true,
  "packages": {
    "": {
      "dependencies": {
        "appengine-python-sdk": "1.9.61"
      }
    },
    "node_modules/appengine-python-sdk": {
      "version": "1.9.61",
      "resolved": "https://registry.npmjs.org/appengine-python-sdk/-/appengine-python-sdk-1.9.61.tgz",
      "integrity": "sha1-GUKdotpDA0VanewQU+u4CVV83uM="
    }
  },
  "dependencies": {
    "appengine-python-sdk": {
      "version": "1.9.61",
      "resolved": "https://registry.npmjs.org/appengine-python-sdk/-/appengine-python-sdk-1.9.61.tgz",
      "integrity": "sha1-GUKdotpDA0VanewQU+u4CVV83uM="
    }
  }
}
